
Microsoft Visual Studio Solution File, Format Version 11.00
# Visual Studio 2010
Project("{FAE04EC0-301F-11D3-BF4B-00C04F79EFBC}") = "Primitives3DWindows", "Primitives3D\Primitives3DWindows.csproj", "{32848D49-90A9-4289-9418-B336042FB82C}"
EndProject
Project("{2150E333-8FDC-42A3-9474-1A3956D46DE8}") = "Solution Items", "Solution Items", "{52EBCFBB-CB5F-4021-9465-BE7521058598}"
	ProjectSection(SolutionItems) = preProject
		Performance1.psess = Performance1.psess
	EndProjectSection
EndProject
Global
	GlobalSection(SolutionConfigurationPlatforms) = preSolution
		Debug|x86 = Debug|x86
		Release|x86 = Release|x86
	EndGlobalSection
	GlobalSection(ProjectConfigurationPlatforms) = postSolution
		{32848D49-90A9-4289-9418-B336042FB82C}.Debug|x86.ActiveCfg = Debug|x86
		{32848D49-90A9-4289-9418-B336042FB82C}.Debug|x86.Build.0 = Debug|x86
		{32848D49-90A9-4289-9418-B336042FB82C}.Release|x86.ActiveCfg = Release|x86
		{32848D49-90A9-4289-9418-B336042FB82C}.Release|x86.Build.0 = Release|x86
	EndGlobalSection
	GlobalSection(SolutionProperties) = preSolution
		HideSolutionNode = FALSE
	EndGlobalSection
EndGlobal
